
Microsoft Visual Studio Solution File, Format Version 12.00
# Visual Studio Version 17
VisualStudioVersion = 17.7.34202.233
MinimumVisualStudioVersion = 10.0.40219.1
Project("{FAE04EC0-301F-11D3-BF4B-00C04F79EFBC}") = "NotesAspWeb", "NotesAspWeb\NotesAspWeb.csproj", "{4E365378-898A-4D36-AF0A-4670674F807F}"
EndProject
Project("{FAE04EC0-301F-11D3-BF4B-00C04F79EFBC}") = "DAL", "DAL\DAL.csproj", "{A54D219E-8903-41DE-A380-836A3B5AF159}"
EndProject
Project("{FAE04EC0-301F-11D3-BF4B-00C04F79EFBC}") = "BLL", "BLL\BLL.csproj", "{AECC6283-5F36-44A0-8226-EDC064641B9A}"
EndProject
Global
	GlobalSection(SolutionConfigurationPlatforms) = preSolution
		Debug|Any CPU = Debug|Any CPU
		Release|Any CPU = Release|Any CPU
	EndGlobalSection
	GlobalSection(ProjectConfigurationPlatforms) = postSolution
		{4E365378-898A-4D36-AF0A-4670674F807F}.Debug|Any CPU.ActiveCfg = Debug|Any CPU
		{4E365378-898A-4D36-AF0A-4670674F807F}.Debug|Any CPU.Build.0 = Debug|Any CPU
		{4E365378-898A-4D36-AF0A-4670674F807F}.Release|Any CPU.ActiveCfg = Release|Any CPU
		{4E365378-898A-4D36-AF0A-4670674F807F}.Release|Any CPU.Build.0 = Release|Any CPU
		{A54D219E-8903-41DE-A380-836A3B5AF159}.Debug|Any CPU.ActiveCfg = Debug|Any CPU
		{A54D219E-8903-41DE-A380-836A3B5AF159}.Debug|Any CPU.Build.0 = Debug|Any CPU
		{A54D219E-8903-41DE-A380-836A3B5AF159}.Release|Any CPU.ActiveCfg = Release|Any CPU
		{A54D219E-8903-41DE-A380-836A3B5AF159}.Release|Any CPU.Build.0 = Release|Any CPU
		{AECC6283-5F36-44A0-8226-EDC064641B9A}.Debug|Any CPU.ActiveCfg = Debug|Any CPU
		{AECC6283-5F36-44A0-8226-EDC064641B9A}.Debug|Any CPU.Build.0 = Debug|Any CPU
		{AECC6283-5F36-44A0-8226-EDC064641B9A}.Release|Any CPU.ActiveCfg = Release|Any CPU
		{AECC6283-5F36-44A0-8226-EDC064641B9A}.Release|Any CPU.Build.0 = Release|Any CPU
	EndGlobalSection
	GlobalSection(SolutionProperties) = preSolution
		HideSolutionNode = FALSE
	EndGlobalSection
	GlobalSection(ExtensibilityGlobals) = postSolution
		SolutionGuid = {4C5288D6-9FB7-4F16-ACB9-A1F79E07239E}
	EndGlobalSection
EndGlobal
